
Microsoft Visual Studio Solution File, Format Version 12.00
# Visual Studio Version 16
VisualStudioVersion = 16.0.31729.503
MinimumVisualStudioVersion = 10.0.40219.1
Project("{FAE04EC0-301F-11D3-BF4B-00C04F79EFBC}") = "PW8", "PW8\PW8.csproj", "{DD19BE31-454E-4B80-8059-EBDD75EC3D82}"
EndProject
Project("{FAE04EC0-301F-11D3-BF4B-00C04F79EFBC}") = "WorkerLibrary", "WorkerLibrary\WorkerLibrary.csproj", "{7DA648BD-3A1D-41BB-915B-6E042E21FB3F}"
EndProject
Global
	GlobalSection(SolutionConfigurationPlatforms) = preSolution
		Debug|Any CPU = Debug|Any CPU
		Release|Any CPU = Release|Any CPU
	EndGlobalSection
	GlobalSection(ProjectConfigurationPlatforms) = postSolution
		{DD19BE31-454E-4B80-8059-EBDD75EC3D82}.Debug|Any CPU.ActiveCfg = Debug|Any CPU
		{DD19BE31-454E-4B80-8059-EBDD75EC3D82}.Debug|Any CPU.Build.0 = Debug|Any CPU
		{DD19BE31-454E-4B80-8059-EBDD75EC3D82}.Release|Any CPU.ActiveCfg = Release|Any CPU
		{DD19BE31-454E-4B80-8059-EBDD75EC3D82}.Release|Any CPU.Build.0 = Release|Any CPU
		{7DA648BD-3A1D-41BB-915B-6E042E21FB3F}.Debug|Any CPU.ActiveCfg = Debug|Any CPU
		{7DA648BD-3A1D-41BB-915B-6E042E21FB3F}.Debug|Any CPU.Build.0 = Debug|Any CPU
		{7DA648BD-3A1D-41BB-915B-6E042E21FB3F}.Release|Any CPU.ActiveCfg = Release|Any CPU
		{7DA648BD-3A1D-41BB-915B-6E042E21FB3F}.Release|Any CPU.Build.0 = Release|Any CPU
	EndGlobalSection
	GlobalSection(SolutionProperties) = preSolution
		HideSolutionNode = FALSE
	EndGlobalSection
	GlobalSection(ExtensibilityGlobals) = postSolution
		SolutionGuid = {CEEC4E6E-0D2D-489E-BA7C-5A3410BECDB6}
	EndGlobalSection
EndGlobal
